# THIS IS AN AUTOGENERATED FILE. DO NOT EDIT THIS FILE DIRECTLY.
# yarn lockfile v1


"@calmdownval/mc-rcon@1.0.0":
  version "1.0.0"
  resolved "https://registry.yarnpkg.com/@calmdownval/mc-rcon/-/mc-rcon-1.0.0.tgz#ae782741f3bc6a3f2ac006f7373ff87ca4cc33eb"
  integrity sha512-yWKygocOUMwVBUrS8q+b1k/F+m7bmQVv4fUUFNGV+3jpOsfscSqko/SBBtAYRgT+tw62TH6WD5pYIBSvlUvJ7Q==

"@calmdownval/signal@1.0.3":
  version "1.0.3"
  resolved "https://registry.yarnpkg.com/@calmdownval/signal/-/signal-1.0.3.tgz#cffb702d98c607962c012b9b8791bcb497b1d470"
  integrity sha512-Db7Uyqk0CzwJq7vFEO5tYhTrMb0p+gPtCM9OGEnDTaJwGAOaIR4n6PzDRYSvYWI3xPaWlIXcv7Yoh+Bp+1to2g==
